// !$*UTF8*$!
{
	archiveVersion = 1;
	classes = {
	};
	objectVersion = 50;
	objects = {

/* Begin PBXBuildFile section */
		9EB0856922916D0C00734F39 /* AppDelegate.swift in Sources */ = {isa = PBXBuildFile; fileRef = 9EB0856822916D0C00734F39 /* AppDelegate.swift */; };
		9EB0856B22916D0C00734F39 /* ViewController.swift in Sources */ = {isa = PBXBuildFile; fileRef = 9EB0856A22916D0C00734F39 /* ViewController.swift */; };
		9EB0856E22916D0C00734F39 /* Main.storyboard in Resources */ = {isa = PBXBuildFile; fileRef = 9EB0856C22916D0C00734F39 /* Main.storyboard */; };
		9EB0857022916D0E00734F39 /* Assets.xcassets in Resources */ = {isa = PBXBuildFile; fileRef = 9EB0856F22916D0E00734F39 /* Assets.xcassets */; };
		9EB0857322916D0E00734F39 /* LaunchScreen.storyboard in Resources */ = {isa = PBXBuildFile; fileRef = 9EB0857122916D0E00734F39 /* LaunchScreen.storyboard */; };
		9EB0857E22916D0E00734F39 /* SDKMockTests.swift in Sources */ = {isa = PBXBuildFile; fileRef = 9EB0857D22916D0E00734F39 /* SDKMockTests.swift */; };
		9EB085892291717500734F39 /* UIApplicationProtocol.swift in Sources */ = {isa = PBXBuildFile; fileRef = 9EB085882291717500734F39 /* UIApplicationProtocol.swift */; };
		9EB0858B229172D700734F39 /* UIApplicationMock.swift in Sources */ = {isa = PBXBuildFile; fileRef = 9EB0858A229172D700734F39 /* UIApplicationMock.swift */; };
/* End PBXBuildFile section */

/* Begin PBXContainerItemProxy section */
		9EB0857A22916D0E00734F39 /* PBXContainerItemProxy */ = {
			isa = PBXContainerItemProxy;
			containerPortal = 9EB0855D22916D0C00734F39 /* Project object */;
			proxyType = 1;
			remoteGlobalIDString = 9EB0856422916D0C00734F39;
			remoteInfo = SDKMock;
		};
/* End PBXContainerItemProxy section */

/* Begin PBXFileReference section */
		9EB0856522916D0C00734F39 /* SDKMock.app */ = {isa = PBXFileReference; explicitFileType = wrapper.application; includeInIndex = 0; path = SDKMock.app; sourceTree = BUILT_PRODUCTS_DIR; };
		9EB0856822916D0C00734F39 /* AppDelegate.swift */ = {isa = PBXFileReference; lastKnownFileType = sourcecode.swift; path = AppDelegate.swift; sourceTree = "<group>"; };
		9EB0856A22916D0C00734F39 /* ViewController.swift */ = {isa = PBXFileReference; lastKnownFileType = sourcecode.swift; path = ViewController.swift; sourceTree = "<group>"; };
		9EB0856D22916D0C00734F39 /* Base */ = {isa = PBXFileReference; lastKnownFileType = file.storyboard; name = Base; path = Base.lproj/Main.storyboard; sourceTree = "<group>"; };
		9EB0856F22916D0E00734F39 /* Assets.xcassets */ = {isa = PBXFileReference; lastKnownFileType = folder.assetcatalog; path = Assets.xcassets; sourceTree = "<group>"; };
		9EB0857222916D0E00734F39 /* Base */ = {isa = PBXFileReference; lastKnownFileType = file.storyboard; name = Base; path = Base.lproj/LaunchScreen.storyboard; sourceTree = "<group>"; };
		9EB0857422916D0E00734F39 /* Info.plist */ = {isa = PBXFileReference; lastKnownFileType = text.plist.xml; path = Info.plist; sourceTree = "<group>"; };
		9EB0857922916D0E00734F39 /* SDKMockTests.xctest */ = {isa = PBXFileReference; explicitFileType = wrapper.cfbundle; includeInIndex = 0; path = SDKMockTests.xctest; sourceTree = BUILT_PRODUCTS_DIR; };
		9EB0857D22916D0E00734F39 /* SDKMockTests.swift */ = {isa = PBXFileReference; lastKnownFileType = sourcecode.swift; path = SDKMockTests.swift; sourceTree = "<group>"; };
		9EB0857F22916D0E00734F39 /* Info.plist */ = {isa = PBXFileReference; lastKnownFileType = text.plist.xml; path = Info.plist; sourceTree = "<group>"; };
		9EB085882291717500734F39 /* UIApplicationProtocol.swift */ = {isa = PBXFileReference; lastKnownFileType = sourcecode.swift; path = UIApplicationProtocol.swift; sourceTree = "<group>"; };
		9EB0858A229172D700734F39 /* UIApplicationMock.swift */ = {isa = PBXFileReference; lastKnownFileType = sourcecode.swift; path = UIApplicationMock.swift; sourceTree = "<group>"; };
/* End PBXFileReference section */

/* Begin PBXFrameworksBuildPhase section */
		9EB0856222916D0C00734F39 /* Frameworks */ = {
			isa = PBXFrameworksBuildPhase;
			buildActionMask = 2147483647;
			files = (
			);
			runOnlyForDeploymentPostprocessing = 0;
		};
		9EB0857622916D0E00734F39 /* Frameworks */ = {
			isa = PBXFrameworksBuildPhase;
			buildActionMask = 2147483647;
			files = (
			);
			runOnlyForDeploymentPostprocessing = 0;
		};
/* End PBXFrameworksBuildPhase section */

/* Begin PBXGroup section */
		9EB0855C22916D0C00734F39 = {
			isa = PBXGroup;
			children = (
				9EB0856722916D0C00734F39 /* SDKMock */,
				9EB0857C22916D0E00734F39 /* SDKMockTests */,
				9EB0856622916D0C00734F39 /* Products */,
			);
			sourceTree = "<group>";
		};
		9EB0856622916D0C00734F39 /* Products */ = {
			isa = PBXGroup;
			children = (
				9EB0856522916D0C00734F39 /* SDKMock.app */,
				9EB0857922916D0E00734F39 /* SDKMockTests.xctest */,
			);
			name = Products;
			sourceTree = "<group>";
		};
		9EB0856722916D0C00734F39 /* SDKMock */ = {
			isa = PBXGroup;
			children = (
				9EB0856822916D0C00734F39 /* AppDelegate.swift */,
				9EB0856A22916D0C00734F39 /* ViewController.swift */,
				9EB0856C22916D0C00734F39 /* Main.storyboard */,
				9EB0856F22916D0E00734F39 /* Assets.xcassets */,
				9EB0857122916D0E00734F39 /* LaunchScreen.storyboard */,
				9EB0857422916D0E00734F39 /* Info.plist */,
				9EB085882291717500734F39 /* UIApplicationProtocol.swift */,
			);
			path = SDKMock;
			sourceTree = "<group>";
		};
		9EB0857C22916D0E00734F39 /* SDKMockTests */ = {
			isa = PBXGroup;
			children = (
				9EB0857D22916D0E00734F39 /* SDKMockTests.swift */,
				9EB0857F22916D0E00734F39 /* Info.plist */,
				9EB0858A229172D700734F39 /* UIApplicationMock.swift */,
			);
			path = SDKMockTests;
			sourceTree = "<group>";
		};
/* End PBXGroup section */

/* Begin PBXNativeTarget section */
		9EB0856422916D0C00734F39 /* SDKMock */ = {
			isa = PBXNativeTarget;
			buildConfigurationList = 9EB0858222916D0E00734F39 /* Build configuration list for PBXNativeTarget "SDKMock" */;
			buildPhases = (
				9EB0856122916D0C00734F39 /* Sources */,
				9EB0856222916D0C00734F39 /* Frameworks */,
				9EB0856322916D0C00734F39 /* Resources */,
			);
			buildRules = (
			);
			dependencies = (
			);
			name = SDKMock;
			productName = SDKMock;
			productReference = 9EB0856522916D0C00734F39 /* SDKMock.app */;
			productType = "com.apple.product-type.application";
		};
		9EB0857822916D0E00734F39 /* SDKMockTests */ = {
			isa = PBXNativeTarget;
			buildConfigurationList = 9EB0858522916D0E00734F39 /* Build configuration list for PBXNativeTarget "SDKMockTests" */;
			buildPhases = (
				9EB0857522916D0E00734F39 /* Sources */,
				9EB0857622916D0E00734F39 /* Frameworks */,
				9EB0857722916D0E00734F39 /* Resources */,
			);
			buildRules = (
			);
			dependencies = (
				9EB0857B22916D0E00734F39 /* PBXTargetDependency */,
			);
			name = SDKMockTests;
			productName = SDKMockTests;
			productReference = 9EB0857922916D0E00734F39 /* SDKMockTests.xctest */;
			productType = "com.apple.product-type.bundle.unit-test";
		};
/* End PBXNativeTarget section */

/* Begin PBXProject section */
		9EB0855D22916D0C00734F39 /* Project object */ = {
			isa = PBXProject;
			attributes = {
				LastSwiftUpdateCheck = 1010;
				LastUpgradeCheck = 1010;
				ORGANIZATIONNAME = "iret, Inc.";
				TargetAttributes = {
					9EB0856422916D0C00734F39 = {
						CreatedOnToolsVersion = 10.1;
					};
					9EB0857822916D0E00734F39 = {
						CreatedOnToolsVersion = 10.1;
						TestTargetID = 9EB0856422916D0C00734F39;
					};
				};
			};
			buildConfigurationList = 9EB0856022916D0C00734F39 /* Build configuration list for PBXProject "SDKMock" */;
			compatibilityVersion = "Xcode 9.3";
			developmentRegion = en;
			hasScannedForEncodings = 0;
			knownRegions = (
				en,
				Base,
			);
			mainGroup = 9EB0855C22916D0C00734F39;
			productRefGroup = 9EB0856622916D0C00734F39 /* Products */;
			projectDirPath = "";
			projectRoot = "";
			targets = (
				9EB0856422916D0C00734F39 /* SDKMock */,
				9EB0857822916D0E00734F39 /* SDKMockTests */,
			);
		};
/* End PBXProject section */

/* Begin PBXResourcesBuildPhase section */
		9EB0856322916D0C00734F39 /* Resources */ = {
			isa = PBXResourcesBuildPhase;
			buildActionMask = 2147483647;
			files = (
				9EB0857322916D0E00734F39 /* LaunchScreen.storyboard in Resources */,
				9EB0857022916D0E00734F39 /* Assets.xcassets in Resources */,
				9EB0856E22916D0C00734F39 /* Main.storyboard in Resources */,
			);
			runOnlyForDeploymentPostprocessing = 0;
		};
		9EB0857722916D0E00734F39 /* Resources */ = {
			isa = PBXResourcesBuildPhase;
			buildActionMask = 2147483647;
			files = (
			);
			runOnlyForDeploymentPostprocessing = 0;
		};
/* End PBXResourcesBuildPhase section */

/* Begin PBXSourcesBuildPhase section */
		9EB0856122916D0C00734F39 /* Sources */ = {
			isa = PBXSourcesBuildPhase;
			buildActionMask = 2147483647;
			files = (
				9EB085892291717500734F39 /* UIApplicationProtocol.swift in Sources */,
				9EB0856B22916D0C00734F39 /* ViewController.swift in Sources */,
				9EB0856922916D0C00734F39 /* AppDelegate.swift in Sources */,
			);
			runOnlyForDeploymentPostprocessing = 0;
		};
		9EB0857522916D0E00734F39 /* Sources */ = {
			isa = PBXSourcesBuildPhase;
			buildActionMask = 2147483647;
			files = (
				9EB0858B229172D700734F39 /* UIApplicationMock.swift in Sources */,
				9EB0857E22916D0E00734F39 /* SDKMockTests.swift in Sources */,
			);
			runOnlyForDeploymentPostprocessing = 0;
		};
/* End PBXSourcesBuildPhase section */

/* Begin PBXTargetDependency section */
		9EB0857B22916D0E00734F39 /* PBXTargetDependency */ = {
			isa = PBXTargetDependency;
			target = 9EB0856422916D0C00734F39 /* SDKMock */;
			targetProxy = 9EB0857A22916D0E00734F39 /* PBXContainerItemProxy */;
		};
/* End PBXTargetDependency section */

/* Begin PBXVariantGroup section */
		9EB0856C22916D0C00734F39 /* Main.storyboard */ = {
			isa = PBXVariantGroup;
			children = (
				9EB0856D22916D0C00734F39 /* Base */,
			);
			name = Main.storyboard;
			sourceTree = "<group>";
		};
		9EB0857122916D0E00734F39 /* LaunchScreen.storyboard */ = {
			isa = PBXVariantGroup;
			children = (
				9EB0857222916D0E00734F39 /* Base */,
			);
			name = LaunchScreen.storyboard;
			sourceTree = "<group>";
		};
/* End PBXVariantGroup section */

/* Begin XCBuildConfiguration section */
		9EB0858022916D0E00734F39 /* Debug */ = {
			isa = XCBuildConfiguration;
			buildSettings = {
				ALWAYS_SEARCH_USER_PATHS = NO;
				CLANG_ANALYZER_NONNULL = YES;
				CLANG_ANALYZER_NUMBER_OBJECT_CONVERSION = YES_AGGRESSIVE;
				CLANG_CXX_LANGUAGE_STANDARD = "gnu++14";
				CLANG_CXX_LIBRARY = "libc++";
				CLANG_ENABLE_MODULES = YES;
				CLANG_ENABLE_OBJC_ARC = YES;
				CLANG_ENABLE_OBJC_WEAK = YES;
				CLANG_WARN_BLOCK_CAPTURE_AUTORELEASING = YES;
				CLANG_WARN_BOOL_CONVERSION = YES;
				CLANG_WARN_COMMA = YES;
				CLANG_WARN_CONSTANT_CONVERSION = YES;
				CLANG_WARN_DEPRECATED_OBJC_IMPLEMENTATIONS = YES;
				CLANG_WARN_DIRECT_OBJC_ISA_USAGE = YES_ERROR;
				CLANG_WARN_DOCUMENTATION_COMMENTS = YES;
				CLANG_WARN_EMPTY_BODY = YES;
				CLANG_WARN_ENUM_CONVERSION = YES;
				CLANG_WARN_INFINITE_RECURSION = YES;
				CLANG_WARN_INT_CONVERSION = YES;
				CLANG_WARN_NON_LITERAL_NULL_CONVERSION = YES;
				CLANG_WARN_OBJC_IMPLICIT_RETAIN_SELF = YES;
				CLANG_WARN_OBJC_LITERAL_CONVERSION = YES;
				CLANG_WARN_OBJC_ROOT_CLASS = YES_ERROR;
				CLANG_WARN_RANGE_LOOP_ANALYSIS = YES;
				CLANG_WARN_STRICT_PROTOTYPES = YES;
				CLANG_WARN_SUSPICIOUS_MOVE = YES;
				CLANG_WARN_UNGUARDED_AVAILABILITY = YES_AGGRESSIVE;
				CLANG_WARN_UNREACHABLE_CODE = YES;
				CLANG_WARN__DUPLICATE_METHOD_MATCH = YES;
				CODE_SIGN_IDENTITY = "iPhone Developer";
				COPY_PHASE_STRIP = NO;
				DEBUG_INFORMATION_FORMAT = dwarf;
				ENABLE_STRICT_OBJC_MSGSEND = YES;
				ENABLE_TESTABILITY = YES;
				GCC_C_LANGUAGE_STANDARD = gnu11;
				GCC_DYNAMIC_NO_PIC = NO;
				GCC_NO_COMMON_BLOCKS = YES;
				GCC_OPTIMIZATION_LEVEL = 0;
				GCC_PREPROCESSOR_DEFINITIONS = (
					"DEBUG=1",
					"$(inherited)",
				);
				GCC_WARN_64_TO_32_BIT_CONVERSION = YES;
				GCC_WARN_ABOUT_RETURN_TYPE = YES_ERROR;
				GCC_WARN_UNDECLARED_SELECTOR = YES;
				GCC_WARN_UNINITIALIZED_AUTOS = YES_AGGRESSIVE;
				GCC_WARN_UNUSED_FUNCTION = YES;
				GCC_WARN_UNUSED_VARIABLE = YES;
				IPHONEOS_DEPLOYMENT_TARGET = 12.1;
				MTL_ENABLE_DEBUG_INFO = INCLUDE_SOURCE;
				MTL_FAST_MATH = YES;
				ONLY_ACTIVE_ARCH = YES;
				SDKROOT = iphoneos;
				SWIFT_ACTIVE_COMPILATION_CONDITIONS = DEBUG;
				SWIFT_OPTIMIZATION_LEVEL = "-Onone";
			};
			name = Debug;
		};
		9EB0858122916D0E00734F39 /* Release */ = {
			isa = XCBuildConfiguration;
			buildSettings = {
				ALWAYS_SEARCH_USER_PATHS = NO;
				CLANG_ANALYZER_NONNULL = YES;
				CLANG_ANALYZER_NUMBER_OBJECT_CONVERSION = YES_AGGRESSIVE;
				CLANG_CXX_LANGUAGE_STANDARD = "gnu++14";
				CLANG_CXX_LIBRARY = "libc++";
				CLANG_ENABLE_MODULES = YES;
				CLANG_ENABLE_OBJC_ARC = YES;
				CLANG_ENABLE_OBJC_WEAK = YES;
				CLANG_WARN_BLOCK_CAPTURE_AUTORELEASING = YES;
				CLANG_WARN_BOOL_CONVERSION = YES;
				CLANG_WARN_COMMA = YES;
				CLANG_WARN_CONSTANT_CONVERSION = YES;
				CLANG_WARN_DEPRECATED_OBJC_IMPLEMENTATIONS = YES;
				CLANG_WARN_DIRECT_OBJC_ISA_USAGE = YES_ERROR;
				CLANG_WARN_DOCUMENTATION_COMMENTS = YES;
				CLANG_WARN_EMPTY_BODY = YES;
				CLANG_WARN_ENUM_CONVERSION = YES;
				CLANG_WARN_INFINITE_RECURSION = YES;
				CLANG_WARN_INT_CONVERSION = YES;
				CLANG_WARN_NON_LITERAL_NULL_CONVERSION = YES;
				CLANG_WARN_OBJC_IMPLICIT_RETAIN_SELF = YES;
				CLANG_WARN_OBJC_LITERAL_CONVERSION = YES;
				CLANG_WARN_OBJC_ROOT_CLASS = YES_ERROR;
				CLANG_WARN_RANGE_LOOP_ANALYSIS = YES;
				CLANG_WARN_STRICT_PROTOTYPES = YES;
				CLANG_WARN_SUSPICIOUS_MOVE = YES;
				CLANG_WARN_UNGUARDED_AVAILABILITY = YES_AGGRESSIVE;
				CLANG_WARN_UNREACHABLE_CODE = YES;
				CLANG_WARN__DUPLICATE_METHOD_MATCH = YES;
				CODE_SIGN_IDENTITY = "iPhone Developer";
				COPY_PHASE_STRIP = NO;
				DEBUG_INFORMATION_FORMAT = "dwarf-with-dsym";
				ENABLE_NS_ASSERTIONS = NO;
				ENABLE_STRICT_OBJC_MSGSEND = YES;
				GCC_C_LANGUAGE_STANDARD = gnu11;
				GCC_NO_COMMON_BLOCKS = YES;
				GCC_WARN_64_TO_32_BIT_CONVERSION = YES;
				GCC_WARN_ABOUT_RETURN_TYPE = YES_ERROR;
				GCC_WARN_UNDECLARED_SELECTOR = YES;
				GCC_WARN_UNINITIALIZED_AUTOS = YES_AGGRESSIVE;
				GCC_WARN_UNUSED_FUNCTION = YES;
				GCC_WARN_UNUSED_VARIABLE = YES;
				IPHONEOS_DEPLOYMENT_TARGET = 12.1;
				MTL_ENABLE_DEBUG_INFO = NO;
				MTL_FAST_MATH = YES;
				SDKROOT = iphoneos;
				SWIFT_COMPILATION_MODE = wholemodule;
				SWIFT_OPTIMIZATION_LEVEL = "-O";
				VALIDATE_PRODUCT = YES;
			};
			name = Release;
		};
		9EB0858322916D0E00734F39 /* Debug */ = {
			isa = XCBuildConfiguration;
			buildSettings = {
				ASSETCATALOG_COMPILER_APPICON_NAME = AppIcon;
				CODE_SIGN_STYLE = Automatic;
				DEVELOPMENT_TEAM = 947E45MWM6;
				INFOPLIST_FILE = SDKMock/Info.plist;
				LD_RUNPATH_SEARCH_PATHS = (
					"$(inherited)",
					"@executable_path/Frameworks",
				);
				PRODUCT_BUNDLE_IDENTIFIER = jp.co.iret.SDKMock;
				PRODUCT_NAME = "$(TARGET_NAME)";
				SWIFT_VERSION = 4.2;
				TARGETED_DEVICE_FAMILY = "1,2";
			};
			name = Debug;
		};
		9EB0858422916D0E00734F39 /* Release */ = {
			isa = XCBuildConfiguration;
			buildSettings = {
				ASSETCATALOG_COMPILER_APPICON_NAME = AppIcon;
				CODE_SIGN_STYLE = Automatic;
				DEVELOPMENT_TEAM = 947E45MWM6;
				INFOPLIST_FILE = SDKMock/Info.plist;
				LD_RUNPATH_SEARCH_PATHS = (
					"$(inherited)",
					"@executable_path/Frameworks",
				);
				PRODUCT_BUNDLE_IDENTIFIER = jp.co.iret.SDKMock;
				PRODUCT_NAME = "$(TARGET_NAME)";
				SWIFT_VERSION = 4.2;
				TARGETED_DEVICE_FAMILY = "1,2";
			};
			name = Release;
		};
		9EB0858622916D0E00734F39 /* Debug */ = {
			isa = XCBuildConfiguration;
			buildSettings = {
				ALWAYS_EMBED_SWIFT_STANDARD_LIBRARIES = YES;
				BUNDLE_LOADER = "$(TEST_HOST)";
				CODE_SIGN_STYLE = Automatic;
				DEVELOPMENT_TEAM = 947E45MWM6;
				INFOPLIST_FILE = SDKMockTests/Info.plist;
				LD_RUNPATH_SEARCH_PATHS = (
					"$(inherited)",
					"@executable_path/Frameworks",
					"@loader_path/Frameworks",
				);
				PRODUCT_BUNDLE_IDENTIFIER = jp.co.iret.SDKMockTests;
				PRODUCT_NAME = "$(TARGET_NAME)";
				SWIFT_VERSION = 4.2;
				TARGETED_DEVICE_FAMILY = "1,2";
				TEST_HOST = "$(BUILT_PRODUCTS_DIR)/SDKMock.app/SDKMock";
			};
			name = Debug;
		};
		9EB0858722916D0E00734F39 /* Release */ = {
			isa = XCBuildConfiguration;
			buildSettings = {
				ALWAYS_EMBED_SWIFT_STANDARD_LIBRARIES = YES;
				BUNDLE_LOADER = "$(TEST_HOST)";
				CODE_SIGN_STYLE = Automatic;
				DEVELOPMENT_TEAM = 947E45MWM6;
				INFOPLIST_FILE = SDKMockTests/Info.plist;
				LD_RUNPATH_SEARCH_PATHS = (
					"$(inherited)",
					"@executable_path/Frameworks",
					"@loader_path/Frameworks",
				);
				PRODUCT_BUNDLE_IDENTIFIER = jp.co.iret.SDKMockTests;
				PRODUCT_NAME = "$(TARGET_NAME)";
				SWIFT_VERSION = 4.2;
				TARGETED_DEVICE_FAMILY = "1,2";
				TEST_HOST = "$(BUILT_PRODUCTS_DIR)/SDKMock.app/SDKMock";
			};
			name = Release;
		};
/* End XCBuildConfiguration section */

/* Begin XCConfigurationList section */
		9EB0856022916D0C00734F39 /* Build configuration list for PBXProject "SDKMock" */ = {
			isa = XCConfigurationList;
			buildConfigurations = (
				9EB0858022916D0E00734F39 /* Debug */,
				9EB0858122916D0E00734F39 /* Release */,
			);
			defaultConfigurationIsVisible = 0;
			defaultConfigurationName = Release;
		};
		9EB0858222916D0E00734F39 /* Build configuration list for PBXNativeTarget "SDKMock" */ = {
			isa = XCConfigurationList;
			buildConfigurations = (
				9EB0858322916D0E00734F39 /* Debug */,
				9EB0858422916D0E00734F39 /* Release */,
			);
			defaultConfigurationIsVisible = 0;
			defaultConfigurationName = Release;
		};
		9EB0858522916D0E00734F39 /* Build configuration list for PBXNativeTarget "SDKMockTests" */ = {
			isa = XCConfigurationList;
			buildConfigurations = (
				9EB0858622916D0E00734F39 /* Debug */,
				9EB0858722916D0E00734F39 /* Release */,
			);
			defaultConfigurationIsVisible = 0;
			defaultConfigurationName = Release;
		};
/* End XCConfigurationList section */
	};
	rootObject = 9EB0855D22916D0C00734F39 /* Project object */;
}
